
Microsoft Visual Studio Solution File, Format Version 12.00
# Visual Studio Version 17
VisualStudioVersion = 17.1.32407.343
MinimumVisualStudioVersion = 10.0.40219.1
Project("{FAE04EC0-301F-11D3-BF4B-00C04F79EFBC}") = "VectorDrawForms", "VectorDrawForms\VectorDrawForms.csproj", "{09D93B78-C807-4A3F-BDE4-CFF70298624F}"
EndProject
Global
	GlobalSection(SolutionConfigurationPlatforms) = preSolution
		Debug|Any CPU = Debug|Any CPU
		Release|Any CPU = Release|Any CPU
	EndGlobalSection
	GlobalSection(ProjectConfigurationPlatforms) = postSolution
		{09D93B78-C807-4A3F-BDE4-CFF70298624F}.Debug|Any CPU.ActiveCfg = Debug|Any CPU
		{09D93B78-C807-4A3F-BDE4-CFF70298624F}.Debug|Any CPU.Build.0 = Debug|Any CPU
		{09D93B78-C807-4A3F-BDE4-CFF70298624F}.Release|Any CPU.ActiveCfg = Release|Any CPU
		{09D93B78-C807-4A3F-BDE4-CFF70298624F}.Release|Any CPU.Build.0 = Release|Any CPU
	EndGlobalSection
	GlobalSection(SolutionProperties) = preSolution
		HideSolutionNode = FALSE
	EndGlobalSection
	GlobalSection(ExtensibilityGlobals) = postSolution
		SolutionGuid = {0FE059F5-7CDD-433C-9729-75BD40334AF2}
	EndGlobalSection
EndGlobal
